
Microsoft Visual Studio Solution File, Format Version 12.00
# Visual Studio Version 17
VisualStudioVersion = 17.0.31903.59
MinimumVisualStudioVersion = 10.0.40219.1
Project("{FAE04EC0-301F-11D3-BF4B-00C04F79EFBC}") = "Shared.Contracts", "Shared.Contracts\Shared.Contracts.csproj", "{C83CEA8F-1CC5-4056-B2A1-BB4A0D67F1AF}"
EndProject
Project("{FAE04EC0-301F-11D3-BF4B-00C04F79EFBC}") = "UserService.Worker", "UserService.Worker\UserService.Worker.csproj", "{F99D5E77-6B72-4CC8-BDE6-5DDB4A851D1B}"
EndProject
Project("{FAE04EC0-301F-11D3-BF4B-00C04F79EFBC}") = "UserGateway.Api", "UserGateway.Api\UserGateway.Api.csproj", "{E0056F25-8285-4406-A074-82F195E62D68}"
EndProject
Project("{FAE04EC0-301F-11D3-BF4B-00C04F79EFBC}") = "IdentityService.Api", "IdentityService.Api\IdentityService.Api.csproj", "{74A5C7A5-C0BF-D490-CDF8-5901DF8FCD3F}"
EndProject
Global
	GlobalSection(SolutionConfigurationPlatforms) = preSolution
		Debug|Any CPU = Debug|Any CPU
		Release|Any CPU = Release|Any CPU
	EndGlobalSection
	GlobalSection(ProjectConfigurationPlatforms) = postSolution
		{C83CEA8F-1CC5-4056-B2A1-BB4A0D67F1AF}.Debug|Any CPU.ActiveCfg = Debug|Any CPU
		{C83CEA8F-1CC5-4056-B2A1-BB4A0D67F1AF}.Debug|Any CPU.Build.0 = Debug|Any CPU
		{C83CEA8F-1CC5-4056-B2A1-BB4A0D67F1AF}.Release|Any CPU.ActiveCfg = Release|Any CPU
		{C83CEA8F-1CC5-4056-B2A1-BB4A0D67F1AF}.Release|Any CPU.Build.0 = Release|Any CPU
		{F99D5E77-6B72-4CC8-BDE6-5DDB4A851D1B}.Debug|Any CPU.ActiveCfg = Debug|Any CPU
		{F99D5E77-6B72-4CC8-BDE6-5DDB4A851D1B}.Debug|Any CPU.Build.0 = Debug|Any CPU
		{F99D5E77-6B72-4CC8-BDE6-5DDB4A851D1B}.Release|Any CPU.ActiveCfg = Release|Any CPU
		{F99D5E77-6B72-4CC8-BDE6-5DDB4A851D1B}.Release|Any CPU.Build.0 = Release|Any CPU
		{E0056F25-8285-4406-A074-82F195E62D68}.Debug|Any CPU.ActiveCfg = Debug|Any CPU
		{E0056F25-8285-4406-A074-82F195E62D68}.Debug|Any CPU.Build.0 = Debug|Any CPU
		{E0056F25-8285-4406-A074-82F195E62D68}.Release|Any CPU.ActiveCfg = Release|Any CPU
		{E0056F25-8285-4406-A074-82F195E62D68}.Release|Any CPU.Build.0 = Release|Any CPU
		{74A5C7A5-C0BF-D490-CDF8-5901DF8FCD3F}.Debug|Any CPU.ActiveCfg = Debug|Any CPU
		{74A5C7A5-C0BF-D490-CDF8-5901DF8FCD3F}.Debug|Any CPU.Build.0 = Debug|Any CPU
		{74A5C7A5-C0BF-D490-CDF8-5901DF8FCD3F}.Release|Any CPU.ActiveCfg = Release|Any CPU
		{74A5C7A5-C0BF-D490-CDF8-5901DF8FCD3F}.Release|Any CPU.Build.0 = Release|Any CPU
	EndGlobalSection
	GlobalSection(SolutionProperties) = preSolution
		HideSolutionNode = FALSE
	EndGlobalSection
	GlobalSection(ExtensibilityGlobals) = postSolution
		SolutionGuid = {7734E733-766E-431D-A468-1933C76468E5}
	EndGlobalSection
EndGlobal
